
Microsoft Visual Studio Solution File, Format Version 12.00
# Visual Studio Version 17
VisualStudioVersion = 17.11.35327.3
MinimumVisualStudioVersion = 10.0.40219.1
Project("{FAE04EC0-301F-11D3-BF4B-00C04F79EFBC}") = "AMSforAKF", "AMSforAKF\AMSforAKF.csproj", "{2F9D459B-AE4D-4B40-96BE-47E0D3CECEDB}"
EndProject
Global
	GlobalSection(SolutionConfigurationPlatforms) = preSolution
		Debug|Any CPU = Debug|Any CPU
		Release|Any CPU = Release|Any CPU
	EndGlobalSection
	GlobalSection(ProjectConfigurationPlatforms) = postSolution
		{2F9D459B-AE4D-4B40-96BE-47E0D3CECEDB}.Debug|Any CPU.ActiveCfg = Debug|Any CPU
		{2F9D459B-AE4D-4B40-96BE-47E0D3CECEDB}.Debug|Any CPU.Build.0 = Debug|Any CPU
		{2F9D459B-AE4D-4B40-96BE-47E0D3CECEDB}.Release|Any CPU.ActiveCfg = Release|Any CPU
		{2F9D459B-AE4D-4B40-96BE-47E0D3CECEDB}.Release|Any CPU.Build.0 = Release|Any CPU
	EndGlobalSection
	GlobalSection(SolutionProperties) = preSolution
		HideSolutionNode = FALSE
	EndGlobalSection
	GlobalSection(ExtensibilityGlobals) = postSolution
		SolutionGuid = {BB816877-2446-4ECF-8E58-89DB767C269C}
	EndGlobalSection
EndGlobal
